{
  "object": {
    "pins": [
      {
        "package": "ZVActivityIndicatorView",
        "repositoryURL": "https://github.com/zevwings/ZVActivityIndicatorView.git",
        "state": {
          "branch": null,
          "revision": "cad655bc187df933f9e21017873d11f72c08c038",
          "version": "0.2.4"
        }
      }
    ]
  },
  "version": 1
}
