// !$*UTF8*$!
{
	archiveVersion = 1;
	classes = {
	};
	objectVersion = 46;
	objects = {

/* Begin PBXBuildFile section */
		4D5BDA4A1F146C6700E68CB6 /* AppDelegate.swift in Sources */ = {isa = PBXBuildFile; fileRef = 4D5BDA491F146C6700E68CB6 /* AppDelegate.swift */; };
		4D5BDA4C1F146C6700E68CB6 /* ViewController.swift in Sources */ = {isa = PBXBuildFile; fileRef = 4D5BDA4B1F146C6700E68CB6 /* ViewController.swift */; };
		4D5BDA4F1F146C6700E68CB6 /* Main.storyboard in Resources */ = {isa = PBXBuildFile; fileRef = 4D5BDA4D1F146C6700E68CB6 /* Main.storyboard */; };
		4D5BDA511F146C6700E68CB6 /* Assets.xcassets in Resources */ = {isa = PBXBuildFile; fileRef = 4D5BDA501F146C6700E68CB6 /* Assets.xcassets */; };
		4D5BDA541F146C6700E68CB6 /* LaunchScreen.storyboard in Resources */ = {isa = PBXBuildFile; fileRef = 4D5BDA521F146C6700E68CB6 /* LaunchScreen.storyboard */; };
		4D5BDA5F1F146C6700E68CB6 /* ExampleTests.swift in Sources */ = {isa = PBXBuildFile; fileRef = 4D5BDA5E1F146C6700E68CB6 /* ExampleTests.swift */; };
		4D5BDA6A1F146C6700E68CB6 /* ExampleUITests.swift in Sources */ = {isa = PBXBuildFile; fileRef = 4D5BDA691F146C6700E68CB6 /* ExampleUITests.swift */; };
		4D8046E11F14BB830069F9F2 /* Reveal.framework in Frameworks */ = {isa = PBXBuildFile; fileRef = 4D8046E01F14BB830069F9F2 /* Reveal.framework */; };
		4DD3D3511F15166600C89E2A /* cost.png in Resources */ = {isa = PBXBuildFile; fileRef = 4DD3D3501F15166600C89E2A /* cost.png */; };
		4DF78A581F14E66500CA5657 /* ZVProgressHUD.framework in Frameworks */ = {isa = PBXBuildFile; fileRef = 4D8046F51F14CB690069F9F2 /* ZVProgressHUD.framework */; };
		4DF78A591F14E66500CA5657 /* ZVProgressHUD.framework in Embed Frameworks */ = {isa = PBXBuildFile; fileRef = 4D8046F51F14CB690069F9F2 /* ZVProgressHUD.framework */; settings = {ATTRIBUTES = (CodeSignOnCopy, RemoveHeadersOnCopy, ); }; };
/* End PBXBuildFile section */

/* Begin PBXContainerItemProxy section */
		4D5BDA5B1F146C6700E68CB6 /* PBXContainerItemProxy */ = {
			isa = PBXContainerItemProxy;
			containerPortal = 4D5BDA3E1F146C6700E68CB6 /* Project object */;
			proxyType = 1;
			remoteGlobalIDString = 4D5BDA451F146C6700E68CB6;
			remoteInfo = Example;
		};
		4D5BDA661F146C6700E68CB6 /* PBXContainerItemProxy */ = {
			isa = PBXContainerItemProxy;
			containerPortal = 4D5BDA3E1F146C6700E68CB6 /* Project object */;
			proxyType = 1;
			remoteGlobalIDString = 4D5BDA451F146C6700E68CB6;
			remoteInfo = Example;
		};
		4D8046F41F14CB690069F9F2 /* PBXContainerItemProxy */ = {
			isa = PBXContainerItemProxy;
			containerPortal = 4D8046EF1F14CB690069F9F2 /* ZVProgressHUD.xcodeproj */;
			proxyType = 2;
			remoteGlobalIDString = 4D5BDA8D1F146CAC00E68CB6;
			remoteInfo = ZVProgressHUD;
		};
		4D8046F61F14CB690069F9F2 /* PBXContainerItemProxy */ = {
			isa = PBXContainerItemProxy;
			containerPortal = 4D8046EF1F14CB690069F9F2 /* ZVProgressHUD.xcodeproj */;
			proxyType = 2;
			remoteGlobalIDString = 4D5BDA961F146CAC00E68CB6;
			remoteInfo = ZVProgressHUDTests;
		};
		4DF78A5A1F14E66500CA5657 /* PBXContainerItemProxy */ = {
			isa = PBXContainerItemProxy;
			containerPortal = 4D8046EF1F14CB690069F9F2 /* ZVProgressHUD.xcodeproj */;
			proxyType = 1;
			remoteGlobalIDString = 4D5BDA8C1F146CAC00E68CB6;
			remoteInfo = ZVProgressHUD;
		};
/* End PBXContainerItemProxy section */

/* Begin PBXCopyFilesBuildPhase section */
		4D5BDAB91F146D2100E68CB6 /* Embed Frameworks */ = {
			isa = PBXCopyFilesBuildPhase;
			buildActionMask = 2147483647;
			dstPath = "";
			dstSubfolderSpec = 10;
			files = (
				4DF78A591F14E66500CA5657 /* ZVProgressHUD.framework in Embed Frameworks */,
			);
			name = "Embed Frameworks";
			runOnlyForDeploymentPostprocessing = 0;
		};
/* End PBXCopyFilesBuildPhase section */

/* Begin PBXFileReference section */
		4D5BDA461F146C6700E68CB6 /* Example.app */ = {isa = PBXFileReference; explicitFileType = wrapper.application; includeInIndex = 0; path = Example.app; sourceTree = BUILT_PRODUCTS_DIR; };
		4D5BDA491F146C6700E68CB6 /* AppDelegate.swift */ = {isa = PBXFileReference; lastKnownFileType = sourcecode.swift; path = AppDelegate.swift; sourceTree = "<group>"; };
		4D5BDA4B1F146C6700E68CB6 /* ViewController.swift */ = {isa = PBXFileReference; lastKnownFileType = sourcecode.swift; path = ViewController.swift; sourceTree = "<group>"; };
		4D5BDA4E1F146C6700E68CB6 /* Base */ = {isa = PBXFileReference; lastKnownFileType = file.storyboard; name = Base; path = Base.lproj/Main.storyboard; sourceTree = "<group>"; };
		4D5BDA501F146C6700E68CB6 /* Assets.xcassets */ = {isa = PBXFileReference; lastKnownFileType = folder.assetcatalog; path = Assets.xcassets; sourceTree = "<group>"; };
		4D5BDA531F146C6700E68CB6 /* Base */ = {isa = PBXFileReference; lastKnownFileType = file.storyboard; name = Base; path = Base.lproj/LaunchScreen.storyboard; sourceTree = "<group>"; };
		4D5BDA551F146C6700E68CB6 /* Info.plist */ = {isa = PBXFileReference; lastKnownFileType = text.plist.xml; path = Info.plist; sourceTree = "<group>"; };
		4D5BDA5A1F146C6700E68CB6 /* ExampleTests.xctest */ = {isa = PBXFileReference; explicitFileType = wrapper.cfbundle; includeInIndex = 0; path = ExampleTests.xctest; sourceTree = BUILT_PRODUCTS_DIR; };
		4D5BDA5E1F146C6700E68CB6 /* ExampleTests.swift */ = {isa = PBXFileReference; lastKnownFileType = sourcecode.swift; path = ExampleTests.swift; sourceTree = "<group>"; };
		4D5BDA601F146C6700E68CB6 /* Info.plist */ = {isa = PBXFileReference; lastKnownFileType = text.plist.xml; path = Info.plist; sourceTree = "<group>"; };
		4D5BDA651F146C6700E68CB6 /* ExampleUITests.xctest */ = {isa = PBXFileReference; explicitFileType = wrapper.cfbundle; includeInIndex = 0; path = ExampleUITests.xctest; sourceTree = BUILT_PRODUCTS_DIR; };
		4D5BDA691F146C6700E68CB6 /* ExampleUITests.swift */ = {isa = PBXFileReference; lastKnownFileType = sourcecode.swift; path = ExampleUITests.swift; sourceTree = "<group>"; };
		4D5BDA6B1F146C6700E68CB6 /* Info.plist */ = {isa = PBXFileReference; lastKnownFileType = text.plist.xml; path = Info.plist; sourceTree = "<group>"; };
		4D8046E01F14BB830069F9F2 /* Reveal.framework */ = {isa = PBXFileReference; lastKnownFileType = wrapper.framework; path = Reveal.framework; sourceTree = SOURCE_ROOT; };
		4D8046EF1F14CB690069F9F2 /* ZVProgressHUD.xcodeproj */ = {isa = PBXFileReference; lastKnownFileType = "wrapper.pb-project"; name = ZVProgressHUD.xcodeproj; path = ../../ZVProgressHUD.xcodeproj; sourceTree = "<group>"; };
		4DD3D3501F15166600C89E2A /* cost.png */ = {isa = PBXFileReference; lastKnownFileType = image.png; path = cost.png; sourceTree = "<group>"; };
/* End PBXFileReference section */

/* Begin PBXFrameworksBuildPhase section */
		4D5BDA431F146C6700E68CB6 /* Frameworks */ = {
			isa = PBXFrameworksBuildPhase;
			buildActionMask = 2147483647;
			files = (
				4D8046E11F14BB830069F9F2 /* Reveal.framework in Frameworks */,
				4DF78A581F14E66500CA5657 /* ZVProgressHUD.framework in Frameworks */,
			);
			runOnlyForDeploymentPostprocessing = 0;
		};
		4D5BDA571F146C6700E68CB6 /* Frameworks */ = {
			isa = PBXFrameworksBuildPhase;
			buildActionMask = 2147483647;
			files = (
			);
			runOnlyForDeploymentPostprocessing = 0;
		};
		4D5BDA621F146C6700E68CB6 /* Frameworks */ = {
			isa = PBXFrameworksBuildPhase;
			buildActionMask = 2147483647;
			files = (
			);
			runOnlyForDeploymentPostprocessing = 0;
		};
/* End PBXFrameworksBuildPhase section */

/* Begin PBXGroup section */
		4D5BDA3D1F146C6700E68CB6 = {
			isa = PBXGroup;
			children = (
				4D5BDA481F146C6700E68CB6 /* Example */,
				4D5BDA5D1F146C6700E68CB6 /* ExampleTests */,
				4D5BDA681F146C6700E68CB6 /* ExampleUITests */,
				4D5BDA471F146C6700E68CB6 /* Products */,
			);
			sourceTree = "<group>";
		};
		4D5BDA471F146C6700E68CB6 /* Products */ = {
			isa = PBXGroup;
			children = (
				4D5BDA461F146C6700E68CB6 /* Example.app */,
				4D5BDA5A1F146C6700E68CB6 /* ExampleTests.xctest */,
				4D5BDA651F146C6700E68CB6 /* ExampleUITests.xctest */,
			);
			name = Products;
			sourceTree = "<group>";
		};
		4D5BDA481F146C6700E68CB6 /* Example */ = {
			isa = PBXGroup;
			children = (
				4D8046EF1F14CB690069F9F2 /* ZVProgressHUD.xcodeproj */,
				4D5BDA491F146C6700E68CB6 /* AppDelegate.swift */,
				4D5BDA4B1F146C6700E68CB6 /* ViewController.swift */,
				4DD3D3501F15166600C89E2A /* cost.png */,
				4D8046E01F14BB830069F9F2 /* Reveal.framework */,
				4D5BDA4D1F146C6700E68CB6 /* Main.storyboard */,
				4D5BDA501F146C6700E68CB6 /* Assets.xcassets */,
				4D5BDA521F146C6700E68CB6 /* LaunchScreen.storyboard */,
				4D5BDA551F146C6700E68CB6 /* Info.plist */,
			);
			path = Example;
			sourceTree = "<group>";
		};
		4D5BDA5D1F146C6700E68CB6 /* ExampleTests */ = {
			isa = PBXGroup;
			children = (
				4D5BDA5E1F146C6700E68CB6 /* ExampleTests.swift */,
				4D5BDA601F146C6700E68CB6 /* Info.plist */,
			);
			path = ExampleTests;
			sourceTree = "<group>";
		};
		4D5BDA681F146C6700E68CB6 /* ExampleUITests */ = {
			isa = PBXGroup;
			children = (
				4D5BDA691F146C6700E68CB6 /* ExampleUITests.swift */,
				4D5BDA6B1F146C6700E68CB6 /* Info.plist */,
			);
			path = ExampleUITests;
			sourceTree = "<group>";
		};
		4D8046F01F14CB690069F9F2 /* Products */ = {
			isa = PBXGroup;
			children = (
				4D8046F51F14CB690069F9F2 /* ZVProgressHUD.framework */,
				4D8046F71F14CB690069F9F2 /* ZVProgressHUDTests.xctest */,
			);
			name = Products;
			sourceTree = "<group>";
		};
/* End PBXGroup section */

/* Begin PBXNativeTarget section */
		4D5BDA451F146C6700E68CB6 /* Example */ = {
			isa = PBXNativeTarget;
			buildConfigurationList = 4D5BDA6E1F146C6700E68CB6 /* Build configuration list for PBXNativeTarget "Example" */;
			buildPhases = (
				4D5BDA421F146C6700E68CB6 /* Sources */,
				4D5BDA431F146C6700E68CB6 /* Frameworks */,
				4D5BDA441F146C6700E68CB6 /* Resources */,
				4D5BDAB91F146D2100E68CB6 /* Embed Frameworks */,
			);
			buildRules = (
			);
			dependencies = (
				4DF78A5B1F14E66500CA5657 /* PBXTargetDependency */,
			);
			name = Example;
			productName = Example;
			productReference = 4D5BDA461F146C6700E68CB6 /* Example.app */;
			productType = "com.apple.product-type.application";
		};
		4D5BDA591F146C6700E68CB6 /* ExampleTests */ = {
			isa = PBXNativeTarget;
			buildConfigurationList = 4D5BDA711F146C6700E68CB6 /* Build configuration list for PBXNativeTarget "ExampleTests" */;
			buildPhases = (
				4D5BDA561F146C6700E68CB6 /* Sources */,
				4D5BDA571F146C6700E68CB6 /* Frameworks */,
				4D5BDA581F146C6700E68CB6 /* Resources */,
			);
			buildRules = (
			);
			dependencies = (
				4D5BDA5C1F146C6700E68CB6 /* PBXTargetDependency */,
			);
			name = ExampleTests;
			productName = ExampleTests;
			productReference = 4D5BDA5A1F146C6700E68CB6 /* ExampleTests.xctest */;
			productType = "com.apple.product-type.bundle.unit-test";
		};
		4D5BDA641F146C6700E68CB6 /* ExampleUITests */ = {
			isa = PBXNativeTarget;
			buildConfigurationList = 4D5BDA741F146C6700E68CB6 /* Build configuration list for PBXNativeTarget "ExampleUITests" */;
			buildPhases = (
				4D5BDA611F146C6700E68CB6 /* Sources */,
				4D5BDA621F146C6700E68CB6 /* Frameworks */,
				4D5BDA631F146C6700E68CB6 /* Resources */,
			);
			buildRules = (
			);
			dependencies = (
				4D5BDA671F146C6700E68CB6 /* PBXTargetDependency */,
			);
			name = ExampleUITests;
			productName = ExampleUITests;
			productReference = 4D5BDA651F146C6700E68CB6 /* ExampleUITests.xctest */;
			productType = "com.apple.product-type.bundle.ui-testing";
		};
/* End PBXNativeTarget section */

/* Begin PBXProject section */
		4D5BDA3E1F146C6700E68CB6 /* Project object */ = {
			isa = PBXProject;
			attributes = {
				LastSwiftUpdateCheck = 0830;
				LastUpgradeCheck = 0830;
				ORGANIZATIONNAME = zevwings;
				TargetAttributes = {
					4D5BDA451F146C6700E68CB6 = {
						CreatedOnToolsVersion = 8.3.3;
						DevelopmentTeam = 4D95EGYA4V;
						ProvisioningStyle = Automatic;
					};
					4D5BDA591F146C6700E68CB6 = {
						CreatedOnToolsVersion = 8.3.3;
						DevelopmentTeam = 4D95EGYA4V;
						ProvisioningStyle = Automatic;
						TestTargetID = 4D5BDA451F146C6700E68CB6;
					};
					4D5BDA641F146C6700E68CB6 = {
						CreatedOnToolsVersion = 8.3.3;
						DevelopmentTeam = 4D95EGYA4V;
						ProvisioningStyle = Automatic;
						TestTargetID = 4D5BDA451F146C6700E68CB6;
					};
				};
			};
			buildConfigurationList = 4D5BDA411F146C6700E68CB6 /* Build configuration list for PBXProject "Example" */;
			compatibilityVersion = "Xcode 3.2";
			developmentRegion = English;
			hasScannedForEncodings = 0;
			knownRegions = (
				en,
				Base,
			);
			mainGroup = 4D5BDA3D1F146C6700E68CB6;
			productRefGroup = 4D5BDA471F146C6700E68CB6 /* Products */;
			projectDirPath = "";
			projectReferences = (
				{
					ProductGroup = 4D8046F01F14CB690069F9F2 /* Products */;
					ProjectRef = 4D8046EF1F14CB690069F9F2 /* ZVProgressHUD.xcodeproj */;
				},
			);
			projectRoot = "";
			targets = (
				4D5BDA451F146C6700E68CB6 /* Example */,
				4D5BDA591F146C6700E68CB6 /* ExampleTests */,
				4D5BDA641F146C6700E68CB6 /* ExampleUITests */,
			);
		};
/* End PBXProject section */

/* Begin PBXReferenceProxy section */
		4D8046F51F14CB690069F9F2 /* ZVProgressHUD.framework */ = {
			isa = PBXReferenceProxy;
			fileType = wrapper.framework;
			path = ZVProgressHUD.framework;
			remoteRef = 4D8046F41F14CB690069F9F2 /* PBXContainerItemProxy */;
			sourceTree = BUILT_PRODUCTS_DIR;
		};
		4D8046F71F14CB690069F9F2 /* ZVProgressHUDTests.xctest */ = {
			isa = PBXReferenceProxy;
			fileType = wrapper.cfbundle;
			path = ZVProgressHUDTests.xctest;
			remoteRef = 4D8046F61F14CB690069F9F2 /* PBXContainerItemProxy */;
			sourceTree = BUILT_PRODUCTS_DIR;
		};
/* End PBXReferenceProxy section */

/* Begin PBXResourcesBuildPhase section */
		4D5BDA441F146C6700E68CB6 /* Resources */ = {
			isa = PBXResourcesBuildPhase;
			buildActionMask = 2147483647;
			files = (
				4DD3D3511F15166600C89E2A /* cost.png in Resources */,
				4D5BDA541F146C6700E68CB6 /* LaunchScreen.storyboard in Resources */,
				4D5BDA511F146C6700E68CB6 /* Assets.xcassets in Resources */,
				4D5BDA4F1F146C6700E68CB6 /* Main.storyboard in Resources */,
			);
			runOnlyForDeploymentPostprocessing = 0;
		};
		4D5BDA581F146C6700E68CB6 /* Resources */ = {
			isa = PBXResourcesBuildPhase;
			buildActionMask = 2147483647;
			files = (
			);
			runOnlyForDeploymentPostprocessing = 0;
		};
		4D5BDA631F146C6700E68CB6 /* Resources */ = {
			isa = PBXResourcesBuildPhase;
			buildActionMask = 2147483647;
			files = (
			);
			runOnlyForDeploymentPostprocessing = 0;
		};
/* End PBXResourcesBuildPhase section */

/* Begin PBXSourcesBuildPhase section */
		4D5BDA421F146C6700E68CB6 /* Sources */ = {
			isa = PBXSourcesBuildPhase;
			buildActionMask = 2147483647;
			files = (
				4D5BDA4C1F146C6700E68CB6 /* ViewController.swift in Sources */,
				4D5BDA4A1F146C6700E68CB6 /* AppDelegate.swift in Sources */,
			);
			runOnlyForDeploymentPostprocessing = 0;
		};
		4D5BDA561F146C6700E68CB6 /* Sources */ = {
			isa = PBXSourcesBuildPhase;
			buildActionMask = 2147483647;
			files = (
				4D5BDA5F1F146C6700E68CB6 /* ExampleTests.swift in Sources */,
			);
			runOnlyForDeploymentPostprocessing = 0;
		};
		4D5BDA611F146C6700E68CB6 /* Sources */ = {
			isa = PBXSourcesBuildPhase;
			buildActionMask = 2147483647;
			files = (
				4D5BDA6A1F146C6700E68CB6 /* ExampleUITests.swift in Sources */,
			);
			runOnlyForDeploymentPostprocessing = 0;
		};
/* End PBXSourcesBuildPhase section */

/* Begin PBXTargetDependency section */
		4D5BDA5C1F146C6700E68CB6 /* PBXTargetDependency */ = {
			isa = PBXTargetDependency;
			target = 4D5BDA451F146C6700E68CB6 /* Example */;
			targetProxy = 4D5BDA5B1F146C6700E68CB6 /* PBXContainerItemProxy */;
		};
		4D5BDA671F146C6700E68CB6 /* PBXTargetDependency */ = {
			isa = PBXTargetDependency;
			target = 4D5BDA451F146C6700E68CB6 /* Example */;
			targetProxy = 4D5BDA661F146C6700E68CB6 /* PBXContainerItemProxy */;
		};
		4DF78A5B1F14E66500CA5657 /* PBXTargetDependency */ = {
			isa = PBXTargetDependency;
			name = ZVProgressHUD;
			targetProxy = 4DF78A5A1F14E66500CA5657 /* PBXContainerItemProxy */;
		};
/* End PBXTargetDependency section */

/* Begin PBXVariantGroup section */
		4D5BDA4D1F146C6700E68CB6 /* Main.storyboard */ = {
			isa = PBXVariantGroup;
			children = (
				4D5BDA4E1F146C6700E68CB6 /* Base */,
			);
			name = Main.storyboard;
			sourceTree = "<group>";
		};
		4D5BDA521F146C6700E68CB6 /* LaunchScreen.storyboard */ = {
			isa = PBXVariantGroup;
			children = (
				4D5BDA531F146C6700E68CB6 /* Base */,
			);
			name = LaunchScreen.storyboard;
			sourceTree = "<group>";
		};
/* End PBXVariantGroup section */

/* Begin XCBuildConfiguration section */
		4D5BDA6C1F146C6700E68CB6 /* Debug */ = {
			isa = XCBuildConfiguration;
			buildSettings = {
				ALWAYS_SEARCH_USER_PATHS = NO;
				CLANG_ANALYZER_NONNULL = YES;
				CLANG_ANALYZER_NUMBER_OBJECT_CONVERSION = YES_AGGRESSIVE;
				CLANG_CXX_LANGUAGE_STANDARD = "gnu++0x";
				CLANG_CXX_LIBRARY = "libc++";
				CLANG_ENABLE_MODULES = YES;
				CLANG_ENABLE_OBJC_ARC = YES;
				CLANG_WARN_BOOL_CONVERSION = YES;
				CLANG_WARN_CONSTANT_CONVERSION = YES;
				CLANG_WARN_DIRECT_OBJC_ISA_USAGE = YES_ERROR;
				CLANG_WARN_DOCUMENTATION_COMMENTS = YES;
				CLANG_WARN_EMPTY_BODY = YES;
				CLANG_WARN_ENUM_CONVERSION = YES;
				CLANG_WARN_INFINITE_RECURSION = YES;
				CLANG_WARN_INT_CONVERSION = YES;
				CLANG_WARN_OBJC_ROOT_CLASS = YES_ERROR;
				CLANG_WARN_SUSPICIOUS_MOVE = YES;
				CLANG_WARN_UNREACHABLE_CODE = YES;
				CLANG_WARN__DUPLICATE_METHOD_MATCH = YES;
				"CODE_SIGN_IDENTITY[sdk=iphoneos*]" = "iPhone Developer";
				COPY_PHASE_STRIP = NO;
				DEBUG_INFORMATION_FORMAT = dwarf;
				ENABLE_STRICT_OBJC_MSGSEND = YES;
				ENABLE_TESTABILITY = YES;
				GCC_C_LANGUAGE_STANDARD = gnu99;
				GCC_DYNAMIC_NO_PIC = NO;
				GCC_NO_COMMON_BLOCKS = YES;
				GCC_OPTIMIZATION_LEVEL = 0;
				GCC_PREPROCESSOR_DEFINITIONS = (
					"DEBUG=1",
					"$(inherited)",
				);
				GCC_WARN_64_TO_32_BIT_CONVERSION = YES;
				GCC_WARN_ABOUT_RETURN_TYPE = YES_ERROR;
				GCC_WARN_UNDECLARED_SELECTOR = YES;
				GCC_WARN_UNINITIALIZED_AUTOS = YES_AGGRESSIVE;
				GCC_WARN_UNUSED_FUNCTION = YES;
				GCC_WARN_UNUSED_VARIABLE = YES;
				IPHONEOS_DEPLOYMENT_TARGET = 10.3;
				MTL_ENABLE_DEBUG_INFO = YES;
				ONLY_ACTIVE_ARCH = YES;
				SDKROOT = iphoneos;
				SWIFT_ACTIVE_COMPILATION_CONDITIONS = DEBUG;
				SWIFT_OPTIMIZATION_LEVEL = "-Onone";
			};
			name = Debug;
		};
		4D5BDA6D1F146C6700E68CB6 /* Release */ = {
			isa = XCBuildConfiguration;
			buildSettings = {
				ALWAYS_SEARCH_USER_PATHS = NO;
				CLANG_ANALYZER_NONNULL = YES;
				CLANG_ANALYZER_NUMBER_OBJECT_CONVERSION = YES_AGGRESSIVE;
				CLANG_CXX_LANGUAGE_STANDARD = "gnu++0x";
				CLANG_CXX_LIBRARY = "libc++";
				CLANG_ENABLE_MODULES = YES;
				CLANG_ENABLE_OBJC_ARC = YES;
				CLANG_WARN_BOOL_CONVERSION = YES;
				CLANG_WARN_CONSTANT_CONVERSION = YES;
				CLANG_WARN_DIRECT_OBJC_ISA_USAGE = YES_ERROR;
				CLANG_WARN_DOCUMENTATION_COMMENTS = YES;
				CLANG_WARN_EMPTY_BODY = YES;
				CLANG_WARN_ENUM_CONVERSION = YES;
				CLANG_WARN_INFINITE_RECURSION = YES;
				CLANG_WARN_INT_CONVERSION = YES;
				CLANG_WARN_OBJC_ROOT_CLASS = YES_ERROR;
				CLANG_WARN_SUSPICIOUS_MOVE = YES;
				CLANG_WARN_UNREACHABLE_CODE = YES;
				CLANG_WARN__DUPLICATE_METHOD_MATCH = YES;
				"CODE_SIGN_IDENTITY[sdk=iphoneos*]" = "iPhone Developer";
				COPY_PHASE_STRIP = NO;
				DEBUG_INFORMATION_FORMAT = "dwarf-with-dsym";
				ENABLE_NS_ASSERTIONS = NO;
				ENABLE_STRICT_OBJC_MSGSEND = YES;
				GCC_C_LANGUAGE_STANDARD = gnu99;
				GCC_NO_COMMON_BLOCKS = YES;
				GCC_WARN_64_TO_32_BIT_CONVERSION = YES;
				GCC_WARN_ABOUT_RETURN_TYPE = YES_ERROR;
				GCC_WARN_UNDECLARED_SELECTOR = YES;
				GCC_WARN_UNINITIALIZED_AUTOS = YES_AGGRESSIVE;
				GCC_WARN_UNUSED_FUNCTION = YES;
				GCC_WARN_UNUSED_VARIABLE = YES;
				IPHONEOS_DEPLOYMENT_TARGET = 10.3;
				MTL_ENABLE_DEBUG_INFO = NO;
				SDKROOT = iphoneos;
				SWIFT_OPTIMIZATION_LEVEL = "-Owholemodule";
				VALIDATE_PRODUCT = YES;
			};
			name = Release;
		};
		4D5BDA6F1F146C6700E68CB6 /* Debug */ = {
			isa = XCBuildConfiguration;
			buildSettings = {
				ALWAYS_EMBED_SWIFT_STANDARD_LIBRARIES = YES;
				ASSETCATALOG_COMPILER_APPICON_NAME = AppIcon;
				DEVELOPMENT_TEAM = 4D95EGYA4V;
				FRAMEWORK_SEARCH_PATHS = (
					"$(inherited)",
					"$(PROJECT_DIR)",
				);
				INFOPLIST_FILE = Example/Info.plist;
				LD_RUNPATH_SEARCH_PATHS = "$(inherited) @executable_path/Frameworks";
				OTHER_LDFLAGS = (
					"-ObjC",
					"-lz",
					"-framework",
					Reveal,
				);
				PRODUCT_BUNDLE_IDENTIFIER = com.zevwings.Example;
				PRODUCT_NAME = "$(TARGET_NAME)";
				SWIFT_VERSION = 3.0;
			};
			name = Debug;
		};
		4D5BDA701F146C6700E68CB6 /* Release */ = {
			isa = XCBuildConfiguration;
			buildSettings = {
				ALWAYS_EMBED_SWIFT_STANDARD_LIBRARIES = YES;
				ASSETCATALOG_COMPILER_APPICON_NAME = AppIcon;
				DEVELOPMENT_TEAM = 4D95EGYA4V;
				FRAMEWORK_SEARCH_PATHS = (
					"$(inherited)",
					"$(PROJECT_DIR)",
				);
				INFOPLIST_FILE = Example/Info.plist;
				LD_RUNPATH_SEARCH_PATHS = "$(inherited) @executable_path/Frameworks";
				OTHER_LDFLAGS = (
					"-ObjC",
					"-lz",
					"-framework",
					Reveal,
				);
				PRODUCT_BUNDLE_IDENTIFIER = com.zevwings.Example;
				PRODUCT_NAME = "$(TARGET_NAME)";
				SWIFT_VERSION = 3.0;
			};
			name = Release;
		};
		4D5BDA721F146C6700E68CB6 /* Debug */ = {
			isa = XCBuildConfiguration;
			buildSettings = {
				ALWAYS_EMBED_SWIFT_STANDARD_LIBRARIES = YES;
				BUNDLE_LOADER = "$(TEST_HOST)";
				DEVELOPMENT_TEAM = 4D95EGYA4V;
				INFOPLIST_FILE = ExampleTests/Info.plist;
				LD_RUNPATH_SEARCH_PATHS = "$(inherited) @executable_path/Frameworks @loader_path/Frameworks";
				PRODUCT_BUNDLE_IDENTIFIER = com.zevwings.ExampleTests;
				PRODUCT_NAME = "$(TARGET_NAME)";
				SWIFT_VERSION = 3.0;
				TEST_HOST = "$(BUILT_PRODUCTS_DIR)/Example.app/Example";
			};
			name = Debug;
		};
		4D5BDA731F146C6700E68CB6 /* Release */ = {
			isa = XCBuildConfiguration;
			buildSettings = {
				ALWAYS_EMBED_SWIFT_STANDARD_LIBRARIES = YES;
				BUNDLE_LOADER = "$(TEST_HOST)";
				DEVELOPMENT_TEAM = 4D95EGYA4V;
				INFOPLIST_FILE = ExampleTests/Info.plist;
				LD_RUNPATH_SEARCH_PATHS = "$(inherited) @executable_path/Frameworks @loader_path/Frameworks";
				PRODUCT_BUNDLE_IDENTIFIER = com.zevwings.ExampleTests;
				PRODUCT_NAME = "$(TARGET_NAME)";
				SWIFT_VERSION = 3.0;
				TEST_HOST = "$(BUILT_PRODUCTS_DIR)/Example.app/Example";
			};
			name = Release;
		};
		4D5BDA751F146C6700E68CB6 /* Debug */ = {
			isa = XCBuildConfiguration;
			buildSettings = {
				ALWAYS_EMBED_SWIFT_STANDARD_LIBRARIES = YES;
				DEVELOPMENT_TEAM = 4D95EGYA4V;
				INFOPLIST_FILE = ExampleUITests/Info.plist;
				LD_RUNPATH_SEARCH_PATHS = "$(inherited) @executable_path/Frameworks @loader_path/Frameworks";
				PRODUCT_BUNDLE_IDENTIFIER = com.zevwings.ExampleUITests;
				PRODUCT_NAME = "$(TARGET_NAME)";
				SWIFT_VERSION = 3.0;
				TEST_TARGET_NAME = Example;
			};
			name = Debug;
		};
		4D5BDA761F146C6700E68CB6 /* Release */ = {
			isa = XCBuildConfiguration;
			buildSettings = {
				ALWAYS_EMBED_SWIFT_STANDARD_LIBRARIES = YES;
				DEVELOPMENT_TEAM = 4D95EGYA4V;
				INFOPLIST_FILE = ExampleUITests/Info.plist;
				LD_RUNPATH_SEARCH_PATHS = "$(inherited) @executable_path/Frameworks @loader_path/Frameworks";
				PRODUCT_BUNDLE_IDENTIFIER = com.zevwings.ExampleUITests;
				PRODUCT_NAME = "$(TARGET_NAME)";
				SWIFT_VERSION = 3.0;
				TEST_TARGET_NAME = Example;
			};
			name = Release;
		};
/* End XCBuildConfiguration section */

/* Begin XCConfigurationList section */
		4D5BDA411F146C6700E68CB6 /* Build configuration list for PBXProject "Example" */ = {
			isa = XCConfigurationList;
			buildConfigurations = (
				4D5BDA6C1F146C6700E68CB6 /* Debug */,
				4D5BDA6D1F146C6700E68CB6 /* Release */,
			);
			defaultConfigurationIsVisible = 0;
			defaultConfigurationName = Release;
		};
		4D5BDA6E1F146C6700E68CB6 /* Build configuration list for PBXNativeTarget "Example" */ = {
			isa = XCConfigurationList;
			buildConfigurations = (
				4D5BDA6F1F146C6700E68CB6 /* Debug */,
				4D5BDA701F146C6700E68CB6 /* Release */,
			);
			defaultConfigurationIsVisible = 0;
			defaultConfigurationName = Release;
		};
		4D5BDA711F146C6700E68CB6 /* Build configuration list for PBXNativeTarget "ExampleTests" */ = {
			isa = XCConfigurationList;
			buildConfigurations = (
				4D5BDA721F146C6700E68CB6 /* Debug */,
				4D5BDA731F146C6700E68CB6 /* Release */,
			);
			defaultConfigurationIsVisible = 0;
			defaultConfigurationName = Release;
		};
		4D5BDA741F146C6700E68CB6 /* Build configuration list for PBXNativeTarget "ExampleUITests" */ = {
			isa = XCConfigurationList;
			buildConfigurations = (
				4D5BDA751F146C6700E68CB6 /* Debug */,
				4D5BDA761F146C6700E68CB6 /* Release */,
			);
			defaultConfigurationIsVisible = 0;
			defaultConfigurationName = Release;
		};
/* End XCConfigurationList section */
	};
	rootObject = 4D5BDA3E1F146C6700E68CB6 /* Project object */;
}
